
Microsoft Visual Studio Solution File, Format Version 12.00
# Visual Studio 15
VisualStudioVersion = 15.0.28010.2046
MinimumVisualStudioVersion = 10.0.40219.1
Project("{FAE04EC0-301F-11D3-BF4B-00C04F79EFBC}") = "ECOMMS_APP", "ECOMMS_APP\ECOMMS_APP.csproj", "{CC329623-7B50-405A-BA1D-C979E6985201}"
EndProject
Global
	GlobalSection(SolutionConfigurationPlatforms) = preSolution
		Debug|Any CPU = Debug|Any CPU
		Release|Any CPU = Release|Any CPU
	EndGlobalSection
	GlobalSection(ProjectConfigurationPlatforms) = postSolution
		{CC329623-7B50-405A-BA1D-C979E6985201}.Debug|Any CPU.ActiveCfg = Debug|Any CPU
		{CC329623-7B50-405A-BA1D-C979E6985201}.Debug|Any CPU.Build.0 = Debug|Any CPU
		{CC329623-7B50-405A-BA1D-C979E6985201}.Release|Any CPU.ActiveCfg = Release|Any CPU
		{CC329623-7B50-405A-BA1D-C979E6985201}.Release|Any CPU.Build.0 = Release|Any CPU
	EndGlobalSection
	GlobalSection(SolutionProperties) = preSolution
		HideSolutionNode = FALSE
	EndGlobalSection
	GlobalSection(ExtensibilityGlobals) = postSolution
		SolutionGuid = {3DFEC4C2-5B04-4C7A-9289-380D868BA5C2}
	EndGlobalSection
EndGlobal
